
Microsoft Visual Studio Solution File, Format Version 12.00
# Visual Studio Version 17
VisualStudioVersion = 17.8.34601.278
MinimumVisualStudioVersion = 10.0.40219.1
Project("{FAE04EC0-301F-11D3-BF4B-00C04F79EFBC}") = "SimpleShoppingApp", "SimpleShoppingApp\SimpleShoppingApp.csproj", "{CA10B669-0BC2-4DD4-BDC2-E5A02B1F7C5A}"
EndProject
Global
	GlobalSection(SolutionConfigurationPlatforms) = preSolution
		Debug|Any CPU = Debug|Any CPU
		Release|Any CPU = Release|Any CPU
	EndGlobalSection
	GlobalSection(ProjectConfigurationPlatforms) = postSolution
		{CA10B669-0BC2-4DD4-BDC2-E5A02B1F7C5A}.Debug|Any CPU.ActiveCfg = Debug|Any CPU
		{CA10B669-0BC2-4DD4-BDC2-E5A02B1F7C5A}.Debug|Any CPU.Build.0 = Debug|Any CPU
		{CA10B669-0BC2-4DD4-BDC2-E5A02B1F7C5A}.Release|Any CPU.ActiveCfg = Release|Any CPU
		{CA10B669-0BC2-4DD4-BDC2-E5A02B1F7C5A}.Release|Any CPU.Build.0 = Release|Any CPU
	EndGlobalSection
	GlobalSection(SolutionProperties) = preSolution
		HideSolutionNode = FALSE
	EndGlobalSection
	GlobalSection(ExtensibilityGlobals) = postSolution
		SolutionGuid = {313D8CDD-DCE0-458D-9243-1FFE687A3859}
	EndGlobalSection
EndGlobal
